
Microsoft Visual Studio Solution File, Format Version 12.00
# Visual Studio Version 16
VisualStudioVersion = 16.0.30523.141
MinimumVisualStudioVersion = 10.0.40219.1
Project("{FAE04EC0-301F-11D3-BF4B-00C04F79EFBC}") = "miprimerasp", "miprimerasp\miprimerasp.csproj", "{EBB7F67F-CC4E-4235-AA76-FF02E0CABE01}"
EndProject
Global
	GlobalSection(SolutionConfigurationPlatforms) = preSolution
		Debug|Any CPU = Debug|Any CPU
		Release|Any CPU = Release|Any CPU
	EndGlobalSection
	GlobalSection(ProjectConfigurationPlatforms) = postSolution
		{EBB7F67F-CC4E-4235-AA76-FF02E0CABE01}.Debug|Any CPU.ActiveCfg = Debug|Any CPU
		{EBB7F67F-CC4E-4235-AA76-FF02E0CABE01}.Debug|Any CPU.Build.0 = Debug|Any CPU
		{EBB7F67F-CC4E-4235-AA76-FF02E0CABE01}.Release|Any CPU.ActiveCfg = Release|Any CPU
		{EBB7F67F-CC4E-4235-AA76-FF02E0CABE01}.Release|Any CPU.Build.0 = Release|Any CPU
	EndGlobalSection
	GlobalSection(SolutionProperties) = preSolution
		HideSolutionNode = FALSE
	EndGlobalSection
	GlobalSection(ExtensibilityGlobals) = postSolution
		SolutionGuid = {F4C2A542-984E-4330-BAE9-E5C86A34248D}
	EndGlobalSection
EndGlobal
